{
  "name": "auth0-express-webapp-sample",
  "requires": true,
  "lockfileVersion": 1,
  "dependencies": {
    "@hapi/address": {
      "version": "2.1.4",
      "resolved": "https://a0us.jfrog.io/a0us/api/npm/npm/@hapi/address/-/address-2.1.4.tgz",
      "integrity": "sha1-XWftQ/P9QaadS5/3tW58DR0KgeU="
    },
    "@hapi/formula": {
      "version": "1.2.0",
      "resolved": "https://a0us.jfrog.io/a0us/api/npm/npm/@hapi/formula/-/formula-1.2.0.tgz",
      "integrity": "sha1-mUZJx/6hqQuRoKHm2YNSP2gOEM0="
    },
    "@hapi/hoek": {
      "version": "8.5.1",
      "resolved": "https://a0us.jfrog.io/a0us/api/npm/npm/@hapi/hoek/-/hoek-8.5.1.tgz",
      "integrity": "sha1-/elgZMpEbeyMVajC8TCVewcMbgY="
    },
    "@hapi/joi": {
      "version": "16.1.8",
      "resolved": "https://a0us.jfrog.io/a0us/api/npm/npm/@hapi/joi/-/joi-16.1.8.tgz",
      "integrity": "sha1-hMHxJiaUiYca1OLezHhuCt7waDk=",
      "requires": {
        "@hapi/address": "^2.1.2",
        "@hapi/formula": "^1.2.0",
        "@hapi/hoek": "^8.2.4",
        "@hapi/pinpoint": "^1.0.2",
        "@hapi/topo": "^3.1.3"
      }
    },
    "@hapi/pinpoint": {
      "version": "1.0.2",
      "resolved": "https://a0us.jfrog.io/a0us/api/npm/npm/@hapi/pinpoint/-/pinpoint-1.0.2.tgz",
      "integrity": "sha1-Alt6Ntu/TTW/Gs0HHCayDvQeDRM="
    },
    "@hapi/topo": {
      "version": "3.1.6",
      "resolved": "https://a0us.jfrog.io/a0us/api/npm/npm/@hapi/topo/-/topo-3.1.6.tgz",
      "integrity": "sha1-aNk1+j6uf91asNf5U/MgXYsr/Ck=",
      "requires": {
        "@hapi/hoek": "^8.3.0"
      }
    },
    "@panva/asn1.js": {
      "version": "1.0.0",
      "resolved": "https://a0us.jfrog.io/a0us/api/npm/npm/@panva/asn1.js/-/asn1.js-1.0.0.tgz",
      "integrity": "sha1-3VWue4Ep4CBJ8AlAi5fGHM+QMvY="
    },
    "@sindresorhus/is": {
      "version": "0.14.0",
      "resolved": "https://a0us.jfrog.io/a0us/api/npm/npm/@sindresorhus/is/-/is-0.14.0.tgz",
      "integrity": "sha1-n7OjzzEyMoFR81PeRjLgHlIQK+o="
    },
    "@szmarczak/http-timer": {
      "version": "1.1.2",
      "resolved": "https://a0us.jfrog.io/a0us/api/npm/npm/@szmarczak/http-timer/-/http-timer-1.1.2.tgz",
      "integrity": "sha1-sWZeLEYaLNkvTBu/UNVFTeDUtCE=",
      "requires": {
        "defer-to-connect": "^1.0.1"
      }
    },
    "@types/got": {
      "version": "9.6.10",
      "resolved": "https://a0us.jfrog.io/a0us/api/npm/npm/@types/got/-/got-9.6.10.tgz",
      "integrity": "sha1-XzTp8kmhPgbP4AFbCPVbSxFLtkU=",
      "requires": {
        "@types/node": "*",
        "@types/tough-cookie": "*",
        "form-data": "^2.5.0"
      }
    },
    "@types/node": {
      "version": "13.11.1",
      "resolved": "https://a0us.jfrog.io/a0us/api/npm/npm/@types/node/-/node-13.11.1.tgz",
      "integrity": "sha1-SaKoPfnSbarOrTDQzMh2KxKNU8c="
    },
    "@types/tough-cookie": {
      "version": "4.0.0",
      "resolved": "https://a0us.jfrog.io/a0us/api/npm/npm/@types/tough-cookie/-/tough-cookie-4.0.0.tgz",
      "integrity": "sha1-/vGQTkZotuXs7mDFLMageP+maX0="
    },
    "accepts": {
      "version": "1.3.7",
      "resolved": "https://registry.npmjs.org/accepts/-/accepts-1.3.7.tgz",
      "integrity": "sha512-Il80Qs2WjYlJIBNzNkK6KYqlVMTbZLXgHx2oT0pU/fjRHyEp+PEfEPY0R3WCwAGVOtauxh1hOxNgIf5bv7dQpA==",
      "requires": {
        "mime-types": "~2.1.24",
        "negotiator": "0.6.2"
      }
    },
    "aggregate-error": {
      "version": "3.0.1",
      "resolved": "https://a0us.jfrog.io/a0us/api/npm/npm/aggregate-error/-/aggregate-error-3.0.1.tgz",
      "integrity": "sha1-2y/nJG5Tb0DZtUQqOeEX191qJOA=",
      "requires": {
        "clean-stack": "^2.0.0",
        "indent-string": "^4.0.0"
      }
    },
    "array-flatten": {
      "version": "1.1.1",
      "resolved": "https://registry.npmjs.org/array-flatten/-/array-flatten-1.1.1.tgz",
      "integrity": "sha1-ml9pkFGx5wczKPKgCJaLZOopVdI="
    },
    "asynckit": {
      "version": "0.4.0",
      "resolved": "https://a0us.jfrog.io/a0us/api/npm/npm/asynckit/-/asynckit-0.4.0.tgz",
      "integrity": "sha1-x57Zf380y48robyXkLzDZkdLS3k="
    },
    "base64url": {
      "version": "3.0.1",
      "resolved": "https://a0us.jfrog.io/a0us/api/npm/npm/base64url/-/base64url-3.0.1.tgz",
      "integrity": "sha1-Y5nVcuK8P5CpqLItXbsKMtM/eI0="
    },
    "basic-auth": {
      "version": "2.0.1",
      "resolved": "https://registry.npmjs.org/basic-auth/-/basic-auth-2.0.1.tgz",
      "integrity": "sha512-NF+epuEdnUYVlGuhaxbbq+dvJttwLnGY+YixlXlME5KpQ5W3CnXA5cVTneY3SPbPDRkcjMbifrwmFYcClgOZeg==",
      "requires": {
        "safe-buffer": "5.1.2"
      }
    },
    "body-parser": {
      "version": "1.19.0",
      "resolved": "https://registry.npmjs.org/body-parser/-/body-parser-1.19.0.tgz",
      "integrity": "sha512-dhEPs72UPbDnAQJ9ZKMNTP6ptJaionhP5cBb541nXPlW60Jepo9RV/a4fX4XWW9CuFNK22krhrj1+rgzifNCsw==",
      "requires": {
        "bytes": "3.1.0",
        "content-type": "~1.0.4",
        "debug": "2.6.9",
        "depd": "~1.1.2",
        "http-errors": "1.7.2",
        "iconv-lite": "0.4.24",
        "on-finished": "~2.3.0",
        "qs": "6.7.0",
        "raw-body": "2.4.0",
        "type-is": "~1.6.17"
      },
      "dependencies": {
        "http-errors": {
          "version": "1.7.2",
          "resolved": "https://registry.npmjs.org/http-errors/-/http-errors-1.7.2.tgz",
          "integrity": "sha512-uUQBt3H/cSIVfch6i1EuPNy/YsRSOUBXTVfZ+yR7Zjez3qjBz6i9+i4zjNaoqcoFVI4lQJ5plg63TvGfRSDCRg==",
          "requires": {
            "depd": "~1.1.2",
            "inherits": "2.0.3",
            "setprototypeof": "1.1.1",
            "statuses": ">= 1.5.0 < 2",
            "toidentifier": "1.0.0"
          }
        }
      }
    },
    "bytes": {
      "version": "3.1.0",
      "resolved": "https://registry.npmjs.org/bytes/-/bytes-3.1.0.tgz",
      "integrity": "sha512-zauLjrfCG+xvoyaqLoV8bLVXXNGC4JqlxFCutSDWA6fJrTo2ZuvLYTqZ7aHBLZSMOopbzwv8f+wZcVzfVTI2Dg=="
    },
    "cacheable-request": {
      "version": "6.1.0",
      "resolved": "https://a0us.jfrog.io/a0us/api/npm/npm/cacheable-request/-/cacheable-request-6.1.0.tgz",
      "integrity": "sha1-IP+4vRYrpL4R6VZ9gj22UQUsqRI=",
      "requires": {
        "clone-response": "^1.0.2",
        "get-stream": "^5.1.0",
        "http-cache-semantics": "^4.0.0",
        "keyv": "^3.0.0",
        "lowercase-keys": "^2.0.0",
        "normalize-url": "^4.1.0",
        "responselike": "^1.0.2"
      },
      "dependencies": {
        "get-stream": {
          "version": "5.1.0",
          "resolved": "https://a0us.jfrog.io/a0us/api/npm/npm/get-stream/-/get-stream-5.1.0.tgz",
          "integrity": "sha1-ASA83JJZf5uQkGfD5lbMH008Tck=",
          "requires": {
            "pump": "^3.0.0"
          }
        },
        "lowercase-keys": {
          "version": "2.0.0",
          "resolved": "https://a0us.jfrog.io/a0us/api/npm/npm/lowercase-keys/-/lowercase-keys-2.0.0.tgz",
          "integrity": "sha1-JgPni3tLAAbLyi+8yKMgJVislHk="
        }
      }
    },
    "cb": {
      "version": "0.1.0",
      "resolved": "https://a0us.jfrog.io/a0us/api/npm/npm/cb/-/cb-0.1.0.tgz",
      "integrity": "sha1-JvfnQPKAj6zIPO97IDkuTYgbUgM="
    },
    "clean-stack": {
      "version": "2.2.0",
      "resolved": "https://a0us.jfrog.io/a0us/api/npm/npm/clean-stack/-/clean-stack-2.2.0.tgz",
      "integrity": "sha1-7oRy27Ep5yezHooQpCfe6d/kAIs="
    },
    "clone": {
      "version": "2.1.2",
      "resolved": "https://a0us.jfrog.io/a0us/api/npm/npm/clone/-/clone-2.1.2.tgz",
      "integrity": "sha1-G39Ln1kfHo+DZwQBYANFoCiHQ18="
    },
    "clone-response": {
      "version": "1.0.2",
      "resolved": "https://a0us.jfrog.io/a0us/api/npm/npm/clone-response/-/clone-response-1.0.2.tgz",
      "integrity": "sha1-0dyXOSAxTfZ/vrlCI7TuNQI56Ws=",
      "requires": {
        "mimic-response": "^1.0.0"
      }
    },
    "combined-stream": {
      "version": "1.0.8",
      "resolved": "https://a0us.jfrog.io/a0us/api/npm/npm/combined-stream/-/combined-stream-1.0.8.tgz",
      "integrity": "sha1-w9RaizT9cwYxoRCoolIGgrMdWn8=",
      "requires": {
        "delayed-stream": "~1.0.0"
      }
    },
    "content-disposition": {
      "version": "0.5.3",
      "resolved": "https://registry.npmjs.org/content-disposition/-/content-disposition-0.5.3.tgz",
      "integrity": "sha512-ExO0774ikEObIAEV9kDo50o+79VCUdEB6n6lzKgGwupcVeRlhrj3qGAfwq8G6uBJjkqLrhT0qEYFcWng8z1z0g==",
      "requires": {
        "safe-buffer": "5.1.2"
      }
    },
    "content-type": {
      "version": "1.0.4",
      "resolved": "https://registry.npmjs.org/content-type/-/content-type-1.0.4.tgz",
      "integrity": "sha512-hIP3EEPs8tB9AT1L+NUqtwOAps4mk2Zob89MWXMHjHWg9milF/j4osnnQLXBCBFBk/tvIG/tUc9mOUJiPBhPXA=="
    },
    "cookie": {
      "version": "0.4.0",
      "resolved": "https://registry.npmjs.org/cookie/-/cookie-0.4.0.tgz",
      "integrity": "sha512-+Hp8fLp57wnUSt0tY0tHEXh4voZRDnoIrZPqlo3DPiI4y9lwg/jqx+1Om94/W6ZaPDOUbnjOt/99w66zk+l1Xg=="
    },
    "cookie-parser": {
      "version": "1.4.5",
      "resolved": "https://a0us.jfrog.io/a0us/api/npm/npm/cookie-parser/-/cookie-parser-1.4.5.tgz",
      "integrity": "sha1-PlctS3wMgPnGHa9gTkM2gxtdHUk=",
      "requires": {
        "cookie": "0.4.0",
        "cookie-signature": "1.0.6"
      }
    },
    "cookie-signature": {
      "version": "1.0.6",
      "resolved": "https://registry.npmjs.org/cookie-signature/-/cookie-signature-1.0.6.tgz",
      "integrity": "sha1-4wOogrNCzD7oylE6eZmXNNqzriw="
    },
    "debug": {
      "version": "2.6.9",
      "resolved": "https://registry.npmjs.org/debug/-/debug-2.6.9.tgz",
      "integrity": "sha512-bC7ElrdJaJnPbAP+1EotYvqZsb3ecl5wi6Bfi6BJTUcNowp6cvspg0jXznRTKDjm/E7AdgFBVeAPVMNcKGsHMA==",
      "requires": {
        "ms": "2.0.0"
      }
    },
    "decompress-response": {
      "version": "3.3.0",
      "resolved": "https://a0us.jfrog.io/a0us/api/npm/npm/decompress-response/-/decompress-response-3.3.0.tgz",
      "integrity": "sha1-gKTdMjdIOEv6JICDYirt7Jgq3/M=",
      "requires": {
        "mimic-response": "^1.0.0"
      }
    },
    "defer-to-connect": {
      "version": "1.1.3",
      "resolved": "https://a0us.jfrog.io/a0us/api/npm/npm/defer-to-connect/-/defer-to-connect-1.1.3.tgz",
      "integrity": "sha1-MxrgUMCNz3ifjIOnuB8O2U9KxZE="
    },
    "delayed-stream": {
      "version": "1.0.0",
      "resolved": "https://a0us.jfrog.io/a0us/api/npm/npm/delayed-stream/-/delayed-stream-1.0.0.tgz",
      "integrity": "sha1-3zrhmayt+31ECqrgsp4icrJOxhk="
    },
    "depd": {
      "version": "1.1.2",
      "resolved": "https://registry.npmjs.org/depd/-/depd-1.1.2.tgz",
      "integrity": "sha1-m81S4UwJd2PnSbJ0xDRu0uVgtak="
    },
    "destroy": {
      "version": "1.0.4",
      "resolved": "https://registry.npmjs.org/destroy/-/destroy-1.0.4.tgz",
      "integrity": "sha1-l4hXRCxEdJ5CBmE+N5RiBYJqvYA="
    },
    "dotenv": {
      "version": "6.2.0",
      "resolved": "https://registry.npmjs.org/dotenv/-/dotenv-6.2.0.tgz",
      "integrity": "sha512-HygQCKUBSFl8wKQZBSemMywRWcEDNidvNbjGVyZu3nbZ8qq9ubiPoGLMdRDpfSrpkkm9BXYFkpKxxFX38o/76w=="
    },
    "duplexer3": {
      "version": "0.1.4",
      "resolved": "https://a0us.jfrog.io/a0us/api/npm/npm/duplexer3/-/duplexer3-0.1.4.tgz",
      "integrity": "sha1-7gHdHKwO08vH/b6jfcCo8c4ALOI="
    },
    "ee-first": {
      "version": "1.1.1",
      "resolved": "https://registry.npmjs.org/ee-first/-/ee-first-1.1.1.tgz",
      "integrity": "sha1-WQxhFWsK4vTwJVcyoViyZrxWsh0="
    },
    "ejs": {
      "version": "2.7.4",
      "resolved": "https://registry.npmjs.org/ejs/-/ejs-2.7.4.tgz",
      "integrity": "sha512-7vmuyh5+kuUyJKePhQfRQBhXV5Ce+RnaeeQArKu1EAMpL3WbgMt5WG6uQZpEVvYSSsxMXRKOewtDk9RaTKXRlA=="
    },
    "encodeurl": {
      "version": "1.0.2",
      "resolved": "https://registry.npmjs.org/encodeurl/-/encodeurl-1.0.2.tgz",
      "integrity": "sha1-rT/0yG7C0CkyL1oCw6mmBslbP1k="
    },
    "end-of-stream": {
      "version": "1.4.4",
      "resolved": "https://a0us.jfrog.io/a0us/api/npm/npm/end-of-stream/-/end-of-stream-1.4.4.tgz",
      "integrity": "sha1-WuZKX0UFe682JuwU2gyl5LJDHrA=",
      "requires": {
        "once": "^1.4.0"
      }
    },
    "escape-html": {
      "version": "1.0.3",
      "resolved": "https://registry.npmjs.org/escape-html/-/escape-html-1.0.3.tgz",
      "integrity": "sha1-Aljq5NPQwJdN4cFpGI7wBR0dGYg="
    },
    "etag": {
      "version": "1.8.1",
      "resolved": "https://registry.npmjs.org/etag/-/etag-1.8.1.tgz",
      "integrity": "sha1-Qa4u62XvpiJorr/qg6x9eSmbCIc="
    },
    "express": {
      "version": "4.17.1",
      "resolved": "https://registry.npmjs.org/express/-/express-4.17.1.tgz",
      "integrity": "sha512-mHJ9O79RqluphRrcw2X/GTh3k9tVv8YcoyY4Kkh4WDMUYKRZUq0h1o0w2rrrxBqM7VoeUVqgb27xlEMXTnYt4g==",
      "requires": {
        "accepts": "~1.3.7",
        "array-flatten": "1.1.1",
        "body-parser": "1.19.0",
        "content-disposition": "0.5.3",
        "content-type": "~1.0.4",
        "cookie": "0.4.0",
        "cookie-signature": "1.0.6",
        "debug": "2.6.9",
        "depd": "~1.1.2",
        "encodeurl": "~1.0.2",
        "escape-html": "~1.0.3",
        "etag": "~1.8.1",
        "finalhandler": "~1.1.2",
        "fresh": "0.5.2",
        "merge-descriptors": "1.0.1",
        "methods": "~1.1.2",
        "on-finished": "~2.3.0",
        "parseurl": "~1.3.3",
        "path-to-regexp": "0.1.7",
        "proxy-addr": "~2.0.5",
        "qs": "6.7.0",
        "range-parser": "~1.2.1",
        "safe-buffer": "5.1.2",
        "send": "0.17.1",
        "serve-static": "1.14.1",
        "setprototypeof": "1.1.1",
        "statuses": "~1.5.0",
        "type-is": "~1.6.18",
        "utils-merge": "1.0.1",
        "vary": "~1.1.2"
      }
    },
    "express-openid-connect": {
      "version": "1.0.1",
      "resolved": "https://a0us.jfrog.io/a0us/api/npm/npm/express-openid-connect/-/express-openid-connect-1.0.1.tgz",
      "integrity": "sha1-VaEY9mRL+m6guX/sOKq9rp8vJ9o=",
      "requires": {
        "@hapi/joi": "^16.1.8",
        "cb": "^0.1.0",
        "clone": "^2.1.2",
        "cookie": "^0.4.0",
        "cookie-parser": "^1.4.4",
        "futoin-hkdf": "^1.3.1",
        "http-errors": "^1.7.3",
        "jose": "^1.24.0",
        "on-headers": "^1.0.2",
        "openid-client": "^3.14.1",
        "p-memoize": "^3.1.0",
        "url-join": "^4.0.1"
      },
      "dependencies": {
        "http-errors": {
          "version": "1.7.3",
          "resolved": "https://a0us.jfrog.io/a0us/api/npm/npm/http-errors/-/http-errors-1.7.3.tgz",
          "integrity": "sha1-bGGeT5xgMIw4UZSYwU+7EKrOuwY=",
          "requires": {
            "depd": "~1.1.2",
            "inherits": "2.0.4",
            "setprototypeof": "1.1.1",
            "statuses": ">= 1.5.0 < 2",
            "toidentifier": "1.0.0"
          }
        },
        "inherits": {
          "version": "2.0.4",
          "resolved": "https://a0us.jfrog.io/a0us/api/npm/npm/inherits/-/inherits-2.0.4.tgz",
          "integrity": "sha1-D6LGT5MpF8NDOg3tVTY6rjdBa3w="
        }
      }
    },
    "finalhandler": {
      "version": "1.1.2",
      "resolved": "https://registry.npmjs.org/finalhandler/-/finalhandler-1.1.2.tgz",
      "integrity": "sha512-aAWcW57uxVNrQZqFXjITpW3sIUQmHGG3qSb9mUah9MgMC4NeWhNOlNjXEYq3HjRAvL6arUviZGGJsBg6z0zsWA==",
      "requires": {
        "debug": "2.6.9",
        "encodeurl": "~1.0.2",
        "escape-html": "~1.0.3",
        "on-finished": "~2.3.0",
        "parseurl": "~1.3.3",
        "statuses": "~1.5.0",
        "unpipe": "~1.0.0"
      }
    },
    "form-data": {
      "version": "2.5.1",
      "resolved": "https://a0us.jfrog.io/a0us/api/npm/npm/form-data/-/form-data-2.5.1.tgz",
      "integrity": "sha1-8svsV7XlniNxbhKP5E1OXdI4lfQ=",
      "requires": {
        "asynckit": "^0.4.0",
        "combined-stream": "^1.0.6",
        "mime-types": "^2.1.12"
      }
    },
    "forwarded": {
      "version": "0.1.2",
      "resolved": "https://registry.npmjs.org/forwarded/-/forwarded-0.1.2.tgz",
      "integrity": "sha1-mMI9qxF1ZXuMBXPozszZGw/xjIQ="
    },
    "fresh": {
      "version": "0.5.2",
      "resolved": "https://registry.npmjs.org/fresh/-/fresh-0.5.2.tgz",
      "integrity": "sha1-PYyt2Q2XZWn6g1qx+OSyOhBWBac="
    },
    "futoin-hkdf": {
      "version": "1.3.2",
      "resolved": "https://a0us.jfrog.io/a0us/api/npm/npm/futoin-hkdf/-/futoin-hkdf-1.3.2.tgz",
      "integrity": "sha1-zZoJFT49t9FmuXF/hymRpJUEMM0="
    },
    "get-stream": {
      "version": "4.1.0",
      "resolved": "https://a0us.jfrog.io/a0us/api/npm/npm/get-stream/-/get-stream-4.1.0.tgz",
      "integrity": "sha1-wbJVV189wh1Zv8ec09K0axw6VLU=",
      "requires": {
        "pump": "^3.0.0"
      }
    },
    "got": {
      "version": "9.6.0",
      "resolved": "https://a0us.jfrog.io/a0us/api/npm/npm/got/-/got-9.6.0.tgz",
      "integrity": "sha1-7fRefWf5lUVwXeH3u+7rEhdl7YU=",
      "requires": {
        "@sindresorhus/is": "^0.14.0",
        "@szmarczak/http-timer": "^1.1.2",
        "cacheable-request": "^6.0.0",
        "decompress-response": "^3.3.0",
        "duplexer3": "^0.1.4",
        "get-stream": "^4.1.0",
        "lowercase-keys": "^1.0.1",
        "mimic-response": "^1.0.1",
        "p-cancelable": "^1.0.0",
        "to-readable-stream": "^1.0.0",
        "url-parse-lax": "^3.0.0"
      }
    },
    "http-cache-semantics": {
      "version": "4.1.0",
      "resolved": "https://a0us.jfrog.io/a0us/api/npm/npm/http-cache-semantics/-/http-cache-semantics-4.1.0.tgz",
      "integrity": "sha1-SekcXL82yblLz81xwj1SSex045A="
    },
    "http-errors": {
      "version": "1.6.3",
      "resolved": "https://registry.npmjs.org/http-errors/-/http-errors-1.6.3.tgz",
      "integrity": "sha1-i1VoC7S+KDoLW/TqLjhYC+HZMg0=",
      "requires": {
        "depd": "~1.1.2",
        "inherits": "2.0.3",
        "setprototypeof": "1.1.0",
        "statuses": ">= 1.4.0 < 2"
      },
      "dependencies": {
        "setprototypeof": {
          "version": "1.1.0",
          "resolved": "https://registry.npmjs.org/setprototypeof/-/setprototypeof-1.1.0.tgz",
          "integrity": "sha512-BvE/TwpZX4FXExxOxZyRGQQv651MSwmWKZGqvmPcRIjDqWub67kTKuIMx43cZZrS/cBBzwBcNDWoFxt2XEFIpQ=="
        }
      }
    },
    "iconv-lite": {
      "version": "0.4.24",
      "resolved": "https://registry.npmjs.org/iconv-lite/-/iconv-lite-0.4.24.tgz",
      "integrity": "sha512-v3MXnZAcvnywkTUEZomIActle7RXXeedOR31wwl7VlyoXO4Qi9arvSenNQWne1TcRwhCL1HwLI21bEqdpj8/rA==",
      "requires": {
        "safer-buffer": ">= 2.1.2 < 3"
      }
    },
    "indent-string": {
      "version": "4.0.0",
      "resolved": "https://a0us.jfrog.io/a0us/api/npm/npm/indent-string/-/indent-string-4.0.0.tgz",
      "integrity": "sha1-Yk+PRJfWGbLZdoUx1Y9BIoVNclE="
    },
    "inherits": {
      "version": "2.0.3",
      "resolved": "https://registry.npmjs.org/inherits/-/inherits-2.0.3.tgz",
      "integrity": "sha1-Yzwsg+PaQqUC9SRmAiSA9CCCYd4="
    },
    "ipaddr.js": {
      "version": "1.9.0",
      "resolved": "https://registry.npmjs.org/ipaddr.js/-/ipaddr.js-1.9.0.tgz",
      "integrity": "sha512-M4Sjn6N/+O6/IXSJseKqHoFc+5FdGJ22sXqnjTpdZweHK64MzEPAyQZyEU3R/KRv2GLoa7nNtg/C2Ev6m7z+eA=="
    },
    "jose": {
      "version": "1.26.0",
      "resolved": "https://a0us.jfrog.io/a0us/api/npm/npm/jose/-/jose-1.26.0.tgz",
      "integrity": "sha1-Po+ez01oAbja6Sr+Lj3S0lma4O4=",
      "requires": {
        "@panva/asn1.js": "^1.0.0"
      }
    },
    "json-buffer": {
      "version": "3.0.0",
      "resolved": "https://a0us.jfrog.io/a0us/api/npm/npm/json-buffer/-/json-buffer-3.0.0.tgz",
      "integrity": "sha1-Wx85evx11ne96Lz8Dkfh+aPZqJg="
    },
    "keyv": {
      "version": "3.1.0",
      "resolved": "https://a0us.jfrog.io/a0us/api/npm/npm/keyv/-/keyv-3.1.0.tgz",
      "integrity": "sha1-7MIoSG9pmR5J6UdkhaW+Ho/FxNk=",
      "requires": {
        "json-buffer": "3.0.0"
      }
    },
    "lodash": {
      "version": "4.17.15",
      "resolved": "https://a0us.jfrog.io/a0us/api/npm/npm/lodash/-/lodash-4.17.15.tgz",
      "integrity": "sha1-tEf2ZwoEVbv+7dETku/zMOoJdUg="
    },
    "lowercase-keys": {
      "version": "1.0.1",
      "resolved": "https://a0us.jfrog.io/a0us/api/npm/npm/lowercase-keys/-/lowercase-keys-1.0.1.tgz",
      "integrity": "sha1-b54wtHCE2XGnyCD/FabFFnt0wm8="
    },
    "lru-cache": {
      "version": "5.1.1",
      "resolved": "https://a0us.jfrog.io/a0us/api/npm/npm/lru-cache/-/lru-cache-5.1.1.tgz",
      "integrity": "sha1-HaJ+ZxAnGUdpXa9oSOhH8B2EuSA=",
      "requires": {
        "yallist": "^3.0.2"
      }
    },
    "make-error": {
      "version": "1.3.6",
      "resolved": "https://a0us.jfrog.io/a0us/api/npm/npm/make-error/-/make-error-1.3.6.tgz",
      "integrity": "sha1-LrLjfqm2fEiR9oShOUeZr0hM96I="
    },
    "map-age-cleaner": {
      "version": "0.1.3",
      "resolved": "https://a0us.jfrog.io/a0us/api/npm/npm/map-age-cleaner/-/map-age-cleaner-0.1.3.tgz",
      "integrity": "sha1-fVg6cwZDTAVf5HSw9FB45uG0uSo=",
      "requires": {
        "p-defer": "^1.0.0"
      }
    },
    "media-typer": {
      "version": "0.3.0",
      "resolved": "https://registry.npmjs.org/media-typer/-/media-typer-0.3.0.tgz",
      "integrity": "sha1-hxDXrwqmJvj/+hzgAWhUUmMlV0g="
    },
    "mem": {
      "version": "4.3.0",
      "resolved": "https://a0us.jfrog.io/a0us/api/npm/npm/mem/-/mem-4.3.0.tgz",
      "integrity": "sha1-Rhr0l7xK4JYIzbLmDu+2m/90QXg=",
      "requires": {
        "map-age-cleaner": "^0.1.1",
        "mimic-fn": "^2.0.0",
        "p-is-promise": "^2.0.0"
      }
    },
    "merge-descriptors": {
      "version": "1.0.1",
      "resolved": "https://registry.npmjs.org/merge-descriptors/-/merge-descriptors-1.0.1.tgz",
      "integrity": "sha1-sAqqVW3YtEVoFQ7J0blT8/kMu2E="
    },
    "methods": {
      "version": "1.1.2",
      "resolved": "https://registry.npmjs.org/methods/-/methods-1.1.2.tgz",
      "integrity": "sha1-VSmk1nZUE07cxSZmVoNbD4Ua/O4="
    },
    "mime": {
      "version": "1.6.0",
      "resolved": "https://registry.npmjs.org/mime/-/mime-1.6.0.tgz",
      "integrity": "sha512-x0Vn8spI+wuJ1O6S7gnbaQg8Pxh4NNHb7KSINmEWKiPE4RKOplvijn+NkmYmmRgP68mc70j2EbeTFRsrswaQeg=="
    },
    "mime-db": {
      "version": "1.43.0",
      "resolved": "https://registry.npmjs.org/mime-db/-/mime-db-1.43.0.tgz",
      "integrity": "sha512-+5dsGEEovYbT8UY9yD7eE4XTc4UwJ1jBYlgaQQF38ENsKR3wj/8q8RFZrF9WIZpB2V1ArTVFUva8sAul1NzRzQ=="
    },
    "mime-types": {
      "version": "2.1.26",
      "resolved": "https://registry.npmjs.org/mime-types/-/mime-types-2.1.26.tgz",
      "integrity": "sha512-01paPWYgLrkqAyrlDorC1uDwl2p3qZT7yl806vW7DvDoxwXi46jsjFbg+WdwotBIk6/MbEhO/dh5aZ5sNj/dWQ==",
      "requires": {
        "mime-db": "1.43.0"
      }
    },
    "mimic-fn": {
      "version": "2.1.0",
      "resolved": "https://a0us.jfrog.io/a0us/api/npm/npm/mimic-fn/-/mimic-fn-2.1.0.tgz",
      "integrity": "sha1-ftLCzMyvhNP/y3pptXcR/CCDQBs="
    },
    "mimic-response": {
      "version": "1.0.1",
      "resolved": "https://a0us.jfrog.io/a0us/api/npm/npm/mimic-response/-/mimic-response-1.0.1.tgz",
      "integrity": "sha1-SSNTiHju9CBjy4o+OweYeBSHqxs="
    },
    "morgan": {
      "version": "1.9.1",
      "resolved": "https://registry.npmjs.org/morgan/-/morgan-1.9.1.tgz",
      "integrity": "sha512-HQStPIV4y3afTiCYVxirakhlCfGkI161c76kKFca7Fk1JusM//Qeo1ej2XaMniiNeaZklMVrh3vTtIzpzwbpmA==",
      "requires": {
        "basic-auth": "~2.0.0",
        "debug": "2.6.9",
        "depd": "~1.1.2",
        "on-finished": "~2.3.0",
        "on-headers": "~1.0.1"
      }
    },
    "ms": {
      "version": "2.0.0",
      "resolved": "https://registry.npmjs.org/ms/-/ms-2.0.0.tgz",
      "integrity": "sha1-VgiurfwAvmwpAd9fmGF4jeDVl8g="
    },
    "negotiator": {
      "version": "0.6.2",
      "resolved": "https://registry.npmjs.org/negotiator/-/negotiator-0.6.2.tgz",
      "integrity": "sha512-hZXc7K2e+PgeI1eDBe/10Ard4ekbfrrqG8Ep+8Jmf4JID2bNg7NvCPOZN+kfF574pFQI7mum2AUqDidoKqcTOw=="
    },
    "normalize-url": {
      "version": "4.5.0",
      "resolved": "https://a0us.jfrog.io/a0us/api/npm/npm/normalize-url/-/normalize-url-4.5.0.tgz",
      "integrity": "sha1-RTNUCH5sqWlXvY9br3U/WYIUISk="
    },
    "object-hash": {
      "version": "2.0.3",
      "resolved": "https://a0us.jfrog.io/a0us/api/npm/npm/object-hash/-/object-hash-2.0.3.tgz",
      "integrity": "sha1-0S2wROA80so9d8BXDYciWwLh5uo="
    },
    "oidc-token-hash": {
      "version": "5.0.0",
      "resolved": "https://a0us.jfrog.io/a0us/api/npm/npm/oidc-token-hash/-/oidc-token-hash-5.0.0.tgz",
      "integrity": "sha1-rN+x9DEPWOZNXXSk6GcaQmmG6Ig="
    },
    "on-finished": {
      "version": "2.3.0",
      "resolved": "https://registry.npmjs.org/on-finished/-/on-finished-2.3.0.tgz",
      "integrity": "sha1-IPEzZIGwg811M3mSoWlxqi2QaUc=",
      "requires": {
        "ee-first": "1.1.1"
      }
    },
    "on-headers": {
      "version": "1.0.2",
      "resolved": "https://registry.npmjs.org/on-headers/-/on-headers-1.0.2.tgz",
      "integrity": "sha512-pZAE+FJLoyITytdqK0U5s+FIpjN0JP3OzFi/u8Rx+EV5/W+JTWGXG8xFzevE7AjBfDqHv/8vL8qQsIhHnqRkrA=="
    },
    "once": {
      "version": "1.4.0",
      "resolved": "https://a0us.jfrog.io/a0us/api/npm/npm/once/-/once-1.4.0.tgz",
      "integrity": "sha1-WDsap3WWHUsROsF9nFC6753Xa9E=",
      "requires": {
        "wrappy": "1"
      }
    },
    "openid-client": {
      "version": "3.14.2",
      "resolved": "https://a0us.jfrog.io/a0us/api/npm/npm/openid-client/-/openid-client-3.14.2.tgz",
      "integrity": "sha1-M6Rj4xyTlFQaEqVpk2jLB6Cd/0M=",
      "requires": {
        "@types/got": "^9.6.9",
        "base64url": "^3.0.1",
        "got": "^9.6.0",
        "jose": "^1.25.0",
        "lodash": "^4.17.15",
        "lru-cache": "^5.1.1",
        "make-error": "^1.3.6",
        "object-hash": "^2.0.1",
        "oidc-token-hash": "^5.0.0",
        "p-any": "^3.0.0"
      }
    },
    "p-any": {
      "version": "3.0.0",
      "resolved": "https://a0us.jfrog.io/a0us/api/npm/npm/p-any/-/p-any-3.0.0.tgz",
      "integrity": "sha1-eYR67tcLXToQ6mJSlsDD0ukKh7k=",
      "requires": {
        "p-cancelable": "^2.0.0",
        "p-some": "^5.0.0"
      },
      "dependencies": {
        "p-cancelable": {
          "version": "2.0.0",
          "resolved": "https://a0us.jfrog.io/a0us/api/npm/npm/p-cancelable/-/p-cancelable-2.0.0.tgz",
          "integrity": "sha1-SjdA9b2vXtXXw+NIgsb7XWsmam4="
        }
      }
    },
    "p-cancelable": {
      "version": "1.1.0",
      "resolved": "https://a0us.jfrog.io/a0us/api/npm/npm/p-cancelable/-/p-cancelable-1.1.0.tgz",
      "integrity": "sha1-0HjRWjr0CSIMiG8dmgyi5EGrJsw="
    },
    "p-defer": {
      "version": "1.0.0",
      "resolved": "https://a0us.jfrog.io/a0us/api/npm/npm/p-defer/-/p-defer-1.0.0.tgz",
      "integrity": "sha1-n26xgvbJqozXQwBKfU+WsZaw+ww="
    },
    "p-is-promise": {
      "version": "2.1.0",
      "resolved": "https://a0us.jfrog.io/a0us/api/npm/npm/p-is-promise/-/p-is-promise-2.1.0.tgz",
      "integrity": "sha1-kYzrrqJIpiz3/6uOO8qMX4gvxC4="
    },
    "p-memoize": {
      "version": "3.1.0",
      "resolved": "https://a0us.jfrog.io/a0us/api/npm/npm/p-memoize/-/p-memoize-3.1.0.tgz",
      "integrity": "sha1-rHWHmDyeUwE5+WnKe0HvQOk2Wao=",
      "requires": {
        "mem": "^4.3.0",
        "mimic-fn": "^2.1.0"
      }
    },
    "p-some": {
      "version": "5.0.0",
      "resolved": "https://a0us.jfrog.io/a0us/api/npm/npm/p-some/-/p-some-5.0.0.tgz",
      "integrity": "sha1-i3MMdLT+UWnXJkokCtAQtuvGhqQ=",
      "requires": {
        "aggregate-error": "^3.0.0",
        "p-cancelable": "^2.0.0"
      },
      "dependencies": {
        "p-cancelable": {
          "version": "2.0.0",
          "resolved": "https://a0us.jfrog.io/a0us/api/npm/npm/p-cancelable/-/p-cancelable-2.0.0.tgz",
          "integrity": "sha1-SjdA9b2vXtXXw+NIgsb7XWsmam4="
        }
      }
    },
    "parseurl": {
      "version": "1.3.3",
      "resolved": "https://registry.npmjs.org/parseurl/-/parseurl-1.3.3.tgz",
      "integrity": "sha512-CiyeOxFT/JZyN5m0z9PfXw4SCBJ6Sygz1Dpl0wqjlhDEGGBP1GnsUVEL0p63hoG1fcj3fHynXi9NYO4nWOL+qQ=="
    },
    "path-to-regexp": {
      "version": "0.1.7",
      "resolved": "https://registry.npmjs.org/path-to-regexp/-/path-to-regexp-0.1.7.tgz",
      "integrity": "sha1-32BBeABfUi8V60SQ5yR6G/qmf4w="
    },
    "prepend-http": {
      "version": "2.0.0",
      "resolved": "https://a0us.jfrog.io/a0us/api/npm/npm/prepend-http/-/prepend-http-2.0.0.tgz",
      "integrity": "sha1-6SQ0v6XqjBn0HN/UAddBo8gZ2Jc="
    },
    "proxy-addr": {
      "version": "2.0.5",
      "resolved": "https://registry.npmjs.org/proxy-addr/-/proxy-addr-2.0.5.tgz",
      "integrity": "sha512-t/7RxHXPH6cJtP0pRG6smSr9QJidhB+3kXu0KgXnbGYMgzEnUxRQ4/LDdfOwZEMyIh3/xHb8PX3t+lfL9z+YVQ==",
      "requires": {
        "forwarded": "~0.1.2",
        "ipaddr.js": "1.9.0"
      }
    },
    "pump": {
      "version": "3.0.0",
      "resolved": "https://a0us.jfrog.io/a0us/api/npm/npm/pump/-/pump-3.0.0.tgz",
      "integrity": "sha1-tKIRaBW94vTh6mAjVOjHVWUQemQ=",
      "requires": {
        "end-of-stream": "^1.1.0",
        "once": "^1.3.1"
      }
    },
    "qs": {
      "version": "6.7.0",
      "resolved": "https://registry.npmjs.org/qs/-/qs-6.7.0.tgz",
      "integrity": "sha512-VCdBRNFTX1fyE7Nb6FYoURo/SPe62QCaAyzJvUjwRaIsc+NePBEniHlvxFmmX56+HZphIGtV0XeCirBtpDrTyQ=="
    },
    "range-parser": {
      "version": "1.2.1",
      "resolved": "https://registry.npmjs.org/range-parser/-/range-parser-1.2.1.tgz",
      "integrity": "sha512-Hrgsx+orqoygnmhFbKaHE6c296J+HTAQXoxEF6gNupROmmGJRoyzfG3ccAveqCBrwr/2yxQ5BVd/GTl5agOwSg=="
    },
    "raw-body": {
      "version": "2.4.0",
      "resolved": "https://registry.npmjs.org/raw-body/-/raw-body-2.4.0.tgz",
      "integrity": "sha512-4Oz8DUIwdvoa5qMJelxipzi/iJIi40O5cGV1wNYp5hvZP8ZN0T+jiNkL0QepXs+EsQ9XJ8ipEDoiH70ySUJP3Q==",
      "requires": {
        "bytes": "3.1.0",
        "http-errors": "1.7.2",
        "iconv-lite": "0.4.24",
        "unpipe": "1.0.0"
      },
      "dependencies": {
        "http-errors": {
          "version": "1.7.2",
          "resolved": "https://registry.npmjs.org/http-errors/-/http-errors-1.7.2.tgz",
          "integrity": "sha512-uUQBt3H/cSIVfch6i1EuPNy/YsRSOUBXTVfZ+yR7Zjez3qjBz6i9+i4zjNaoqcoFVI4lQJ5plg63TvGfRSDCRg==",
          "requires": {
            "depd": "~1.1.2",
            "inherits": "2.0.3",
            "setprototypeof": "1.1.1",
            "statuses": ">= 1.5.0 < 2",
            "toidentifier": "1.0.0"
          }
        }
      }
    },
    "responselike": {
      "version": "1.0.2",
      "resolved": "https://a0us.jfrog.io/a0us/api/npm/npm/responselike/-/responselike-1.0.2.tgz",
      "integrity": "sha1-kYcg7ztjHFZCvgaPFa3lpG9Loec=",
      "requires": {
        "lowercase-keys": "^1.0.0"
      }
    },
    "safe-buffer": {
      "version": "5.1.2",
      "resolved": "https://registry.npmjs.org/safe-buffer/-/safe-buffer-5.1.2.tgz",
      "integrity": "sha512-Gd2UZBJDkXlY7GbJxfsE8/nvKkUEU1G38c1siN6QP6a9PT9MmHB8GnpscSmMJSoF8LOIrt8ud/wPtojys4G6+g=="
    },
    "safer-buffer": {
      "version": "2.1.2",
      "resolved": "https://registry.npmjs.org/safer-buffer/-/safer-buffer-2.1.2.tgz",
      "integrity": "sha512-YZo3K82SD7Riyi0E1EQPojLz7kpepnSQI9IyPbHHg1XXXevb5dJI7tpyN2ADxGcQbHG7vcyRHk0cbwqcQriUtg=="
    },
    "send": {
      "version": "0.17.1",
      "resolved": "https://registry.npmjs.org/send/-/send-0.17.1.tgz",
      "integrity": "sha512-BsVKsiGcQMFwT8UxypobUKyv7irCNRHk1T0G680vk88yf6LBByGcZJOTJCrTP2xVN6yI+XjPJcNuE3V4fT9sAg==",
      "requires": {
        "debug": "2.6.9",
        "depd": "~1.1.2",
        "destroy": "~1.0.4",
        "encodeurl": "~1.0.2",
        "escape-html": "~1.0.3",
        "etag": "~1.8.1",
        "fresh": "0.5.2",
        "http-errors": "~1.7.2",
        "mime": "1.6.0",
        "ms": "2.1.1",
        "on-finished": "~2.3.0",
        "range-parser": "~1.2.1",
        "statuses": "~1.5.0"
      },
      "dependencies": {
        "http-errors": {
          "version": "1.7.3",
          "resolved": "https://registry.npmjs.org/http-errors/-/http-errors-1.7.3.tgz",
          "integrity": "sha512-ZTTX0MWrsQ2ZAhA1cejAwDLycFsd7I7nVtnkT3Ol0aqodaKW+0CTZDQ1uBv5whptCnc8e8HeRRJxRs0kmm/Qfw==",
          "requires": {
            "depd": "~1.1.2",
            "inherits": "2.0.4",
            "setprototypeof": "1.1.1",
            "statuses": ">= 1.5.0 < 2",
            "toidentifier": "1.0.0"
          }
        },
        "inherits": {
          "version": "2.0.4",
          "resolved": "https://registry.npmjs.org/inherits/-/inherits-2.0.4.tgz",
          "integrity": "sha512-k/vGaX4/Yla3WzyMCvTQOXYeIHvqOKtnqBduzTHpzpQZzAskKMhZ2K+EnBiSM9zGSoIFeMpXKxa4dYeZIQqewQ=="
        },
        "ms": {
          "version": "2.1.1",
          "resolved": "https://registry.npmjs.org/ms/-/ms-2.1.1.tgz",
          "integrity": "sha512-tgp+dl5cGk28utYktBsrFqA7HKgrhgPsg6Z/EfhWI4gl1Hwq8B/GmY/0oXZ6nF8hDVesS/FpnYaD/kOWhYQvyg=="
        }
      }
    },
    "serve-static": {
      "version": "1.14.1",
      "resolved": "https://registry.npmjs.org/serve-static/-/serve-static-1.14.1.tgz",
      "integrity": "sha512-JMrvUwE54emCYWlTI+hGrGv5I8dEwmco/00EvkzIIsR7MqrHonbD9pO2MOfFnpFntl7ecpZs+3mW+XbQZu9QCg==",
      "requires": {
        "encodeurl": "~1.0.2",
        "escape-html": "~1.0.3",
        "parseurl": "~1.3.3",
        "send": "0.17.1"
      }
    },
    "setprototypeof": {
      "version": "1.1.1",
      "resolved": "https://registry.npmjs.org/setprototypeof/-/setprototypeof-1.1.1.tgz",
      "integrity": "sha512-JvdAWfbXeIGaZ9cILp38HntZSFSo3mWg6xGcJJsd+d4aRMOqauag1C63dJfDw7OaMYwEbHMOxEZ1lqVRYP2OAw=="
    },
    "statuses": {
      "version": "1.5.0",
      "resolved": "https://registry.npmjs.org/statuses/-/statuses-1.5.0.tgz",
      "integrity": "sha1-Fhx9rBd2Wf2YEfQ3cfqZOBR4Yow="
    },
    "to-readable-stream": {
      "version": "1.0.0",
      "resolved": "https://a0us.jfrog.io/a0us/api/npm/npm/to-readable-stream/-/to-readable-stream-1.0.0.tgz",
      "integrity": "sha1-zgqgwvPfat+FLvtASng+d8BHV3E="
    },
    "toidentifier": {
      "version": "1.0.0",
      "resolved": "https://registry.npmjs.org/toidentifier/-/toidentifier-1.0.0.tgz",
      "integrity": "sha512-yaOH/Pk/VEhBWWTlhI+qXxDFXlejDGcQipMlyxda9nthulaxLZUNcUqFxokp0vcYnvteJln5FNQDRrxj3YcbVw=="
    },
    "type-is": {
      "version": "1.6.18",
      "resolved": "https://registry.npmjs.org/type-is/-/type-is-1.6.18.tgz",
      "integrity": "sha512-TkRKr9sUTxEH8MdfuCSP7VizJyzRNMjj2J2do2Jr3Kym598JVdEksuzPQCnlFPW4ky9Q+iA+ma9BGm06XQBy8g==",
      "requires": {
        "media-typer": "0.3.0",
        "mime-types": "~2.1.24"
      }
    },
    "unpipe": {
      "version": "1.0.0",
      "resolved": "https://registry.npmjs.org/unpipe/-/unpipe-1.0.0.tgz",
      "integrity": "sha1-sr9O6FFKrmFltIF4KdIbLvSZBOw="
    },
    "url-join": {
      "version": "4.0.1",
      "resolved": "https://a0us.jfrog.io/a0us/api/npm/npm/url-join/-/url-join-4.0.1.tgz",
      "integrity": "sha1-tkLiGiZGgI/6F4xMX9o5hE4Szec="
    },
    "url-parse-lax": {
      "version": "3.0.0",
      "resolved": "https://a0us.jfrog.io/a0us/api/npm/npm/url-parse-lax/-/url-parse-lax-3.0.0.tgz",
      "integrity": "sha1-FrXK/Afb42dsGxmZF3gj1lA6yww=",
      "requires": {
        "prepend-http": "^2.0.0"
      }
    },
    "utils-merge": {
      "version": "1.0.1",
      "resolved": "https://registry.npmjs.org/utils-merge/-/utils-merge-1.0.1.tgz",
      "integrity": "sha1-n5VxD1CiZ5R7LMwSR0HBAoQn5xM="
    },
    "vary": {
      "version": "1.1.2",
      "resolved": "https://registry.npmjs.org/vary/-/vary-1.1.2.tgz",
      "integrity": "sha1-IpnwLG3tMNSllhsLn3RSShj2NPw="
    },
    "wrappy": {
      "version": "1.0.2",
      "resolved": "https://a0us.jfrog.io/a0us/api/npm/npm/wrappy/-/wrappy-1.0.2.tgz",
      "integrity": "sha1-tSQ9jz7BqjXxNkYFvA0QNuMKtp8="
    },
    "yallist": {
      "version": "3.1.1",
      "resolved": "https://a0us.jfrog.io/a0us/api/npm/npm/yallist/-/yallist-3.1.1.tgz",
      "integrity": "sha1-27fa+b/YusmrRev2ArjLrQ1dCP0="
    }
  }
}
